// !$*UTF8*$!
{
	archiveVersion = 1;
	classes = {
	};
	objectVersion = 46;
	objects = {

/* Begin PBXBuildFile section */
		2792FF851D3586C7004E8A92 /* AppDelegate.swift in Sources */ = {isa = PBXBuildFile; fileRef = 2792FF841D3586C7004E8A92 /* AppDelegate.swift */; };
		2792FF871D3586C7004E8A92 /* ViewController.swift in Sources */ = {isa = PBXBuildFile; fileRef = 2792FF861D3586C7004E8A92 /* ViewController.swift */; };
		2792FF8A1D3586C7004E8A92 /* Main.storyboard in Resources */ = {isa = PBXBuildFile; fileRef = 2792FF881D3586C7004E8A92 /* Main.storyboard */; };
		2792FF8C1D3586C7004E8A92 /* Assets.xcassets in Resources */ = {isa = PBXBuildFile; fileRef = 2792FF8B1D3586C7004E8A92 /* Assets.xcassets */; };
		2792FF8F1D3586C7004E8A92 /* LaunchScreen.storyboard in Resources */ = {isa = PBXBuildFile; fileRef = 2792FF8D1D3586C7004E8A92 /* LaunchScreen.storyboard */; };
		2792FF9A1D3586C7004E8A92 /* Tesseract_usageTests.swift in Sources */ = {isa = PBXBuildFile; fileRef = 2792FF991D3586C7004E8A92 /* Tesseract_usageTests.swift */; };
		2792FFA51D358904004E8A92 /* tessdata in Resources */ = {isa = PBXBuildFile; fileRef = 2792FFA41D358904004E8A92 /* tessdata */; };
		8704B17E1E5DADA894DBABE5 /* Pods_Tesseract_usage.framework in Frameworks */ = {isa = PBXBuildFile; fileRef = 4B3F1313B666E325B75EC186 /* Pods_Tesseract_usage.framework */; };
/* End PBXBuildFile section */

/* Begin PBXContainerItemProxy section */
		2792FF961D3586C7004E8A92 /* PBXContainerItemProxy */ = {
			isa = PBXContainerItemProxy;
			containerPortal = 2792FF791D3586C7004E8A92 /* Project object */;
			proxyType = 1;
			remoteGlobalIDString = 2792FF801D3586C7004E8A92;
			remoteInfo = "Tesseract-usage";
		};
/* End PBXContainerItemProxy section */

/* Begin PBXFileReference section */
		276457E736E89CE4D0ECE387 /* Pods-Tesseract-usage.release.xcconfig */ = {isa = PBXFileReference; includeInIndex = 1; lastKnownFileType = text.xcconfig; name = "Pods-Tesseract-usage.release.xcconfig"; path = "Pods/Target Support Files/Pods-Tesseract-usage/Pods-Tesseract-usage.release.xcconfig"; sourceTree = "<group>"; };
		2792FF811D3586C7004E8A92 /* Tesseract-usage.app */ = {isa = PBXFileReference; explicitFileType = wrapper.application; includeInIndex = 0; path = "Tesseract-usage.app"; sourceTree = BUILT_PRODUCTS_DIR; };
		2792FF841D3586C7004E8A92 /* AppDelegate.swift */ = {isa = PBXFileReference; lastKnownFileType = sourcecode.swift; path = AppDelegate.swift; sourceTree = "<group>"; };
		2792FF861D3586C7004E8A92 /* ViewController.swift */ = {isa = PBXFileReference; lastKnownFileType = sourcecode.swift; path = ViewController.swift; sourceTree = "<group>"; };
		2792FF891D3586C7004E8A92 /* Base */ = {isa = PBXFileReference; lastKnownFileType = file.storyboard; name = Base; path = Base.lproj/Main.storyboard; sourceTree = "<group>"; };
		2792FF8B1D3586C7004E8A92 /* Assets.xcassets */ = {isa = PBXFileReference; lastKnownFileType = folder.assetcatalog; path = Assets.xcassets; sourceTree = "<group>"; };
		2792FF8E1D3586C7004E8A92 /* Base */ = {isa = PBXFileReference; lastKnownFileType = file.storyboard; name = Base; path = Base.lproj/LaunchScreen.storyboard; sourceTree = "<group>"; };
		2792FF901D3586C7004E8A92 /* Info.plist */ = {isa = PBXFileReference; lastKnownFileType = text.plist.xml; path = Info.plist; sourceTree = "<group>"; };
		2792FF951D3586C7004E8A92 /* Tesseract-usageTests.xctest */ = {isa = PBXFileReference; explicitFileType = wrapper.cfbundle; includeInIndex = 0; path = "Tesseract-usageTests.xctest"; sourceTree = BUILT_PRODUCTS_DIR; };
		2792FF991D3586C7004E8A92 /* Tesseract_usageTests.swift */ = {isa = PBXFileReference; lastKnownFileType = sourcecode.swift; path = Tesseract_usageTests.swift; sourceTree = "<group>"; };
		2792FF9B1D3586C7004E8A92 /* Info.plist */ = {isa = PBXFileReference; lastKnownFileType = text.plist.xml; path = Info.plist; sourceTree = "<group>"; };
		2792FFA41D358904004E8A92 /* tessdata */ = {isa = PBXFileReference; lastKnownFileType = folder; path = tessdata; sourceTree = "<group>"; };
		290C225721F92631DB3D0E59 /* Pods-Tesseract-usage.debug.xcconfig */ = {isa = PBXFileReference; includeInIndex = 1; lastKnownFileType = text.xcconfig; name = "Pods-Tesseract-usage.debug.xcconfig"; path = "Pods/Target Support Files/Pods-Tesseract-usage/Pods-Tesseract-usage.debug.xcconfig"; sourceTree = "<group>"; };
		4B3F1313B666E325B75EC186 /* Pods_Tesseract_usage.framework */ = {isa = PBXFileReference; explicitFileType = wrapper.framework; includeInIndex = 0; path = Pods_Tesseract_usage.framework; sourceTree = BUILT_PRODUCTS_DIR; };
/* End PBXFileReference section */

/* Begin PBXFrameworksBuildPhase section */
		2792FF7E1D3586C7004E8A92 /* Frameworks */ = {
			isa = PBXFrameworksBuildPhase;
			buildActionMask = 2147483647;
			files = (
				8704B17E1E5DADA894DBABE5 /* Pods_Tesseract_usage.framework in Frameworks */,
			);
			runOnlyForDeploymentPostprocessing = 0;
		};
		2792FF921D3586C7004E8A92 /* Frameworks */ = {
			isa = PBXFrameworksBuildPhase;
			buildActionMask = 2147483647;
			files = (
			);
			runOnlyForDeploymentPostprocessing = 0;
		};
/* End PBXFrameworksBuildPhase section */

/* Begin PBXGroup section */
		2792FF781D3586C7004E8A92 = {
			isa = PBXGroup;
			children = (
				2792FF831D3586C7004E8A92 /* Tesseract-usage */,
				2792FF981D3586C7004E8A92 /* Tesseract-usageTests */,
				2792FF821D3586C7004E8A92 /* Products */,
				8DB6B51555254F1BAAEA5890 /* Pods */,
				CF5FDEC036F6AA6A8804D6AC /* Frameworks */,
			);
			sourceTree = "<group>";
		};
		2792FF821D3586C7004E8A92 /* Products */ = {
			isa = PBXGroup;
			children = (
				2792FF811D3586C7004E8A92 /* Tesseract-usage.app */,
				2792FF951D3586C7004E8A92 /* Tesseract-usageTests.xctest */,
			);
			name = Products;
			sourceTree = "<group>";
		};
		2792FF831D3586C7004E8A92 /* Tesseract-usage */ = {
			isa = PBXGroup;
			children = (
				2792FFA41D358904004E8A92 /* tessdata */,
				2792FF841D3586C7004E8A92 /* AppDelegate.swift */,
				2792FF861D3586C7004E8A92 /* ViewController.swift */,
				2792FF881D3586C7004E8A92 /* Main.storyboard */,
				2792FF8B1D3586C7004E8A92 /* Assets.xcassets */,
				2792FF8D1D3586C7004E8A92 /* LaunchScreen.storyboard */,
				2792FF901D3586C7004E8A92 /* Info.plist */,
			);
			path = "Tesseract-usage";
			sourceTree = "<group>";
		};
		2792FF981D3586C7004E8A92 /* Tesseract-usageTests */ = {
			isa = PBXGroup;
			children = (
				2792FF991D3586C7004E8A92 /* Tesseract_usageTests.swift */,
				2792FF9B1D3586C7004E8A92 /* Info.plist */,
			);
			path = "Tesseract-usageTests";
			sourceTree = "<group>";
		};
		8DB6B51555254F1BAAEA5890 /* Pods */ = {
			isa = PBXGroup;
			children = (
				290C225721F92631DB3D0E59 /* Pods-Tesseract-usage.debug.xcconfig */,
				276457E736E89CE4D0ECE387 /* Pods-Tesseract-usage.release.xcconfig */,
			);
			name = Pods;
			sourceTree = "<group>";
		};
		CF5FDEC036F6AA6A8804D6AC /* Frameworks */ = {
			isa = PBXGroup;
			children = (
				4B3F1313B666E325B75EC186 /* Pods_Tesseract_usage.framework */,
			);
			name = Frameworks;
			sourceTree = "<group>";
		};
/* End PBXGroup section */

/* Begin PBXNativeTarget section */
		2792FF801D3586C7004E8A92 /* Tesseract-usage */ = {
			isa = PBXNativeTarget;
			buildConfigurationList = 2792FF9E1D3586C7004E8A92 /* Build configuration list for PBXNativeTarget "Tesseract-usage" */;
			buildPhases = (
				12B7843A46F9D5CC2E7DF894 /* Check Pods Manifest.lock */,
				2792FF7D1D3586C7004E8A92 /* Sources */,
				2792FF7E1D3586C7004E8A92 /* Frameworks */,
				2792FF7F1D3586C7004E8A92 /* Resources */,
				2EEDFD3622CEAE31BD6C03FA /* Embed Pods Frameworks */,
				D024207FF26A01CE1D537D6E /* Copy Pods Resources */,
			);
			buildRules = (
			);
			dependencies = (
			);
			name = "Tesseract-usage";
			productName = "Tesseract-usage";
			productReference = 2792FF811D3586C7004E8A92 /* Tesseract-usage.app */;
			productType = "com.apple.product-type.application";
		};
		2792FF941D3586C7004E8A92 /* Tesseract-usageTests */ = {
			isa = PBXNativeTarget;
			buildConfigurationList = 2792FFA11D3586C7004E8A92 /* Build configuration list for PBXNativeTarget "Tesseract-usageTests" */;
			buildPhases = (
				2792FF911D3586C7004E8A92 /* Sources */,
				2792FF921D3586C7004E8A92 /* Frameworks */,
				2792FF931D3586C7004E8A92 /* Resources */,
			);
			buildRules = (
			);
			dependencies = (
				2792FF971D3586C7004E8A92 /* PBXTargetDependency */,
			);
			name = "Tesseract-usageTests";
			productName = "Tesseract-usageTests";
			productReference = 2792FF951D3586C7004E8A92 /* Tesseract-usageTests.xctest */;
			productType = "com.apple.product-type.bundle.unit-test";
		};
/* End PBXNativeTarget section */

/* Begin PBXProject section */
		2792FF791D3586C7004E8A92 /* Project object */ = {
			isa = PBXProject;
			attributes = {
				LastSwiftUpdateCheck = 0730;
				LastUpgradeCheck = 0730;
				ORGANIZATIONNAME = Fomalhaut.io;
				TargetAttributes = {
					2792FF801D3586C7004E8A92 = {
						CreatedOnToolsVersion = 7.3.1;
						DevelopmentTeam = N7ZMJB36QD;
					};
					2792FF941D3586C7004E8A92 = {
						CreatedOnToolsVersion = 7.3.1;
						TestTargetID = 2792FF801D3586C7004E8A92;
					};
				};
			};
			buildConfigurationList = 2792FF7C1D3586C7004E8A92 /* Build configuration list for PBXProject "Tesseract-usage" */;
			compatibilityVersion = "Xcode 3.2";
			developmentRegion = English;
			hasScannedForEncodings = 0;
			knownRegions = (
				en,
				Base,
			);
			mainGroup = 2792FF781D3586C7004E8A92;
			productRefGroup = 2792FF821D3586C7004E8A92 /* Products */;
			projectDirPath = "";
			projectRoot = "";
			targets = (
				2792FF801D3586C7004E8A92 /* Tesseract-usage */,
				2792FF941D3586C7004E8A92 /* Tesseract-usageTests */,
			);
		};
/* End PBXProject section */

/* Begin PBXResourcesBuildPhase section */
		2792FF7F1D3586C7004E8A92 /* Resources */ = {
			isa = PBXResourcesBuildPhase;
			buildActionMask = 2147483647;
			files = (
				2792FF8F1D3586C7004E8A92 /* LaunchScreen.storyboard in Resources */,
				2792FFA51D358904004E8A92 /* tessdata in Resources */,
				2792FF8C1D3586C7004E8A92 /* Assets.xcassets in Resources */,
				2792FF8A1D3586C7004E8A92 /* Main.storyboard in Resources */,
			);
			runOnlyForDeploymentPostprocessing = 0;
		};
		2792FF931D3586C7004E8A92 /* Resources */ = {
			isa = PBXResourcesBuildPhase;
			buildActionMask = 2147483647;
			files = (
			);
			runOnlyForDeploymentPostprocessing = 0;
		};
/* End PBXResourcesBuildPhase section */

/* Begin PBXShellScriptBuildPhase section */
		12B7843A46F9D5CC2E7DF894 /* Check Pods Manifest.lock */ = {
			isa = PBXShellScriptBuildPhase;
			buildActionMask = 2147483647;
			files = (
			);
			inputPaths = (
			);
			name = "Check Pods Manifest.lock";
			outputPaths = (
			);
			runOnlyForDeploymentPostprocessing = 0;
			shellPath = /bin/sh;
			shellScript = "diff \"${PODS_ROOT}/../Podfile.lock\" \"${PODS_ROOT}/Manifest.lock\" > /dev/null\nif [[ $? != 0 ]] ; then\n    cat << EOM\nerror: The sandbox is not in sync with the Podfile.lock. Run 'pod install' or update your CocoaPods installation.\nEOM\n    exit 1\nfi\n";
			showEnvVarsInLog = 0;
		};
		2EEDFD3622CEAE31BD6C03FA /* Embed Pods Frameworks */ = {
			isa = PBXShellScriptBuildPhase;
			buildActionMask = 2147483647;
			files = (
			);
			inputPaths = (
			);
			name = "Embed Pods Frameworks";
			outputPaths = (
			);
			runOnlyForDeploymentPostprocessing = 0;
			shellPath = /bin/sh;
			shellScript = "\"${SRCROOT}/Pods/Target Support Files/Pods-Tesseract-usage/Pods-Tesseract-usage-frameworks.sh\"\n";
			showEnvVarsInLog = 0;
		};
		D024207FF26A01CE1D537D6E /* Copy Pods Resources */ = {
			isa = PBXShellScriptBuildPhase;
			buildActionMask = 2147483647;
			files = (
			);
			inputPaths = (
			);
			name = "Copy Pods Resources";
			outputPaths = (
			);
			runOnlyForDeploymentPostprocessing = 0;
			shellPath = /bin/sh;
			shellScript = "\"${SRCROOT}/Pods/Target Support Files/Pods-Tesseract-usage/Pods-Tesseract-usage-resources.sh\"\n";
			showEnvVarsInLog = 0;
		};
/* End PBXShellScriptBuildPhase section */

/* Begin PBXSourcesBuildPhase section */
		2792FF7D1D3586C7004E8A92 /* Sources */ = {
			isa = PBXSourcesBuildPhase;
			buildActionMask = 2147483647;
			files = (
				2792FF871D3586C7004E8A92 /* ViewController.swift in Sources */,
				2792FF851D3586C7004E8A92 /* AppDelegate.swift in Sources */,
			);
			runOnlyForDeploymentPostprocessing = 0;
		};
		2792FF911D3586C7004E8A92 /* Sources */ = {
			isa = PBXSourcesBuildPhase;
			buildActionMask = 2147483647;
			files = (
				2792FF9A1D3586C7004E8A92 /* Tesseract_usageTests.swift in Sources */,
			);
			runOnlyForDeploymentPostprocessing = 0;
		};
/* End PBXSourcesBuildPhase section */

/* Begin PBXTargetDependency section */
		2792FF971D3586C7004E8A92 /* PBXTargetDependency */ = {
			isa = PBXTargetDependency;
			target = 2792FF801D3586C7004E8A92 /* Tesseract-usage */;
			targetProxy = 2792FF961D3586C7004E8A92 /* PBXContainerItemProxy */;
		};
/* End PBXTargetDependency section */

/* Begin PBXVariantGroup section */
		2792FF881D3586C7004E8A92 /* Main.storyboard */ = {
			isa = PBXVariantGroup;
			children = (
				2792FF891D3586C7004E8A92 /* Base */,
			);
			name = Main.storyboard;
			sourceTree = "<group>";
		};
		2792FF8D1D3586C7004E8A92 /* LaunchScreen.storyboard */ = {
			isa = PBXVariantGroup;
			children = (
				2792FF8E1D3586C7004E8A92 /* Base */,
			);
			name = LaunchScreen.storyboard;
			sourceTree = "<group>";
		};
/* End PBXVariantGroup section */

/* Begin XCBuildConfiguration section */
		2792FF9C1D3586C7004E8A92 /* Debug */ = {
			isa = XCBuildConfiguration;
			buildSettings = {
				ALWAYS_SEARCH_USER_PATHS = NO;
				CLANG_ANALYZER_NONNULL = YES;
				CLANG_CXX_LANGUAGE_STANDARD = "gnu++0x";
				CLANG_CXX_LIBRARY = "libc++";
				CLANG_ENABLE_MODULES = YES;
				CLANG_ENABLE_OBJC_ARC = YES;
				CLANG_WARN_BOOL_CONVERSION = YES;
				CLANG_WARN_CONSTANT_CONVERSION = YES;
				CLANG_WARN_DIRECT_OBJC_ISA_USAGE = YES_ERROR;
				CLANG_WARN_EMPTY_BODY = YES;
				CLANG_WARN_ENUM_CONVERSION = YES;
				CLANG_WARN_INT_CONVERSION = YES;
				CLANG_WARN_OBJC_ROOT_CLASS = YES_ERROR;
				CLANG_WARN_UNREACHABLE_CODE = YES;
				CLANG_WARN__DUPLICATE_METHOD_MATCH = YES;
				"CODE_SIGN_IDENTITY[sdk=iphoneos*]" = "iPhone Developer";
				COPY_PHASE_STRIP = NO;
				DEBUG_INFORMATION_FORMAT = dwarf;
				ENABLE_STRICT_OBJC_MSGSEND = YES;
				ENABLE_TESTABILITY = YES;
				GCC_C_LANGUAGE_STANDARD = gnu99;
				GCC_DYNAMIC_NO_PIC = NO;
				GCC_NO_COMMON_BLOCKS = YES;
				GCC_OPTIMIZATION_LEVEL = 0;
				GCC_PREPROCESSOR_DEFINITIONS = (
					"DEBUG=1",
					"$(inherited)",
				);
				GCC_WARN_64_TO_32_BIT_CONVERSION = YES;
				GCC_WARN_ABOUT_RETURN_TYPE = YES_ERROR;
				GCC_WARN_UNDECLARED_SELECTOR = YES;
				GCC_WARN_UNINITIALIZED_AUTOS = YES_AGGRESSIVE;
				GCC_WARN_UNUSED_FUNCTION = YES;
				GCC_WARN_UNUSED_VARIABLE = YES;
				IPHONEOS_DEPLOYMENT_TARGET = 9.3;
				MTL_ENABLE_DEBUG_INFO = YES;
				ONLY_ACTIVE_ARCH = YES;
				SDKROOT = iphoneos;
				SWIFT_OPTIMIZATION_LEVEL = "-Onone";
				TARGETED_DEVICE_FAMILY = "1,2";
			};
			name = Debug;
		};
		2792FF9D1D3586C7004E8A92 /* Release */ = {
			isa = XCBuildConfiguration;
			buildSettings = {
				ALWAYS_SEARCH_USER_PATHS = NO;
				CLANG_ANALYZER_NONNULL = YES;
				CLANG_CXX_LANGUAGE_STANDARD = "gnu++0x";
				CLANG_CXX_LIBRARY = "libc++";
				CLANG_ENABLE_MODULES = YES;
				CLANG_ENABLE_OBJC_ARC = YES;
				CLANG_WARN_BOOL_CONVERSION = YES;
				CLANG_WARN_CONSTANT_CONVERSION = YES;
				CLANG_WARN_DIRECT_OBJC_ISA_USAGE = YES_ERROR;
				CLANG_WARN_EMPTY_BODY = YES;
				CLANG_WARN_ENUM_CONVERSION = YES;
				CLANG_WARN_INT_CONVERSION = YES;
				CLANG_WARN_OBJC_ROOT_CLASS = YES_ERROR;
				CLANG_WARN_UNREACHABLE_CODE = YES;
				CLANG_WARN__DUPLICATE_METHOD_MATCH = YES;
				"CODE_SIGN_IDENTITY[sdk=iphoneos*]" = "iPhone Developer";
				COPY_PHASE_STRIP = NO;
				DEBUG_INFORMATION_FORMAT = "dwarf-with-dsym";
				ENABLE_NS_ASSERTIONS = NO;
				ENABLE_STRICT_OBJC_MSGSEND = YES;
				GCC_C_LANGUAGE_STANDARD = gnu99;
				GCC_NO_COMMON_BLOCKS = YES;
				GCC_WARN_64_TO_32_BIT_CONVERSION = YES;
				GCC_WARN_ABOUT_RETURN_TYPE = YES_ERROR;
				GCC_WARN_UNDECLARED_SELECTOR = YES;
				GCC_WARN_UNINITIALIZED_AUTOS = YES_AGGRESSIVE;
				GCC_WARN_UNUSED_FUNCTION = YES;
				GCC_WARN_UNUSED_VARIABLE = YES;
				IPHONEOS_DEPLOYMENT_TARGET = 9.3;
				MTL_ENABLE_DEBUG_INFO = NO;
				SDKROOT = iphoneos;
				TARGETED_DEVICE_FAMILY = "1,2";
				VALIDATE_PRODUCT = YES;
			};
			name = Release;
		};
		2792FF9F1D3586C7004E8A92 /* Debug */ = {
			isa = XCBuildConfiguration;
			baseConfigurationReference = 290C225721F92631DB3D0E59 /* Pods-Tesseract-usage.debug.xcconfig */;
			buildSettings = {
				ASSETCATALOG_COMPILER_APPICON_NAME = AppIcon;
				CODE_SIGN_IDENTITY = "iPhone Developer";
				"CODE_SIGN_IDENTITY[sdk=iphoneos*]" = "iPhone Developer";
				ENABLE_BITCODE = NO;
				INFOPLIST_FILE = "Tesseract-usage/Info.plist";
				LD_RUNPATH_SEARCH_PATHS = "$(inherited) @executable_path/Frameworks";
				PRODUCT_BUNDLE_IDENTIFIER = "Fomalhaut.io.Tesseract-usage";
				PRODUCT_NAME = "$(TARGET_NAME)";
				PROVISIONING_PROFILE = "";
			};
			name = Debug;
		};
		2792FFA01D3586C7004E8A92 /* Release */ = {
			isa = XCBuildConfiguration;
			baseConfigurationReference = 276457E736E89CE4D0ECE387 /* Pods-Tesseract-usage.release.xcconfig */;
			buildSettings = {
				ASSETCATALOG_COMPILER_APPICON_NAME = AppIcon;
				CODE_SIGN_IDENTITY = "iPhone Developer";
				"CODE_SIGN_IDENTITY[sdk=iphoneos*]" = "iPhone Developer";
				ENABLE_BITCODE = NO;
				INFOPLIST_FILE = "Tesseract-usage/Info.plist";
				LD_RUNPATH_SEARCH_PATHS = "$(inherited) @executable_path/Frameworks";
				PRODUCT_BUNDLE_IDENTIFIER = "Fomalhaut.io.Tesseract-usage";
				PRODUCT_NAME = "$(TARGET_NAME)";
				PROVISIONING_PROFILE = "";
			};
			name = Release;
		};
		2792FFA21D3586C7004E8A92 /* Debug */ = {
			isa = XCBuildConfiguration;
			buildSettings = {
				BUNDLE_LOADER = "$(TEST_HOST)";
				INFOPLIST_FILE = "Tesseract-usageTests/Info.plist";
				LD_RUNPATH_SEARCH_PATHS = "$(inherited) @executable_path/Frameworks @loader_path/Frameworks";
				PRODUCT_BUNDLE_IDENTIFIER = "Fomalhaut.io.Tesseract-usageTests";
				PRODUCT_NAME = "$(TARGET_NAME)";
				TEST_HOST = "$(BUILT_PRODUCTS_DIR)/Tesseract-usage.app/Tesseract-usage";
			};
			name = Debug;
		};
		2792FFA31D3586C7004E8A92 /* Release */ = {
			isa = XCBuildConfiguration;
			buildSettings = {
				BUNDLE_LOADER = "$(TEST_HOST)";
				INFOPLIST_FILE = "Tesseract-usageTests/Info.plist";
				LD_RUNPATH_SEARCH_PATHS = "$(inherited) @executable_path/Frameworks @loader_path/Frameworks";
				PRODUCT_BUNDLE_IDENTIFIER = "Fomalhaut.io.Tesseract-usageTests";
				PRODUCT_NAME = "$(TARGET_NAME)";
				TEST_HOST = "$(BUILT_PRODUCTS_DIR)/Tesseract-usage.app/Tesseract-usage";
			};
			name = Release;
		};
/* End XCBuildConfiguration section */

/* Begin XCConfigurationList section */
		2792FF7C1D3586C7004E8A92 /* Build configuration list for PBXProject "Tesseract-usage" */ = {
			isa = XCConfigurationList;
			buildConfigurations = (
				2792FF9C1D3586C7004E8A92 /* Debug */,
				2792FF9D1D3586C7004E8A92 /* Release */,
			);
			defaultConfigurationIsVisible = 0;
			defaultConfigurationName = Release;
		};
		2792FF9E1D3586C7004E8A92 /* Build configuration list for PBXNativeTarget "Tesseract-usage" */ = {
			isa = XCConfigurationList;
			buildConfigurations = (
				2792FF9F1D3586C7004E8A92 /* Debug */,
				2792FFA01D3586C7004E8A92 /* Release */,
			);
			defaultConfigurationIsVisible = 0;
			defaultConfigurationName = Release;
		};
		2792FFA11D3586C7004E8A92 /* Build configuration list for PBXNativeTarget "Tesseract-usageTests" */ = {
			isa = XCConfigurationList;
			buildConfigurations = (
				2792FFA21D3586C7004E8A92 /* Debug */,
				2792FFA31D3586C7004E8A92 /* Release */,
			);
			defaultConfigurationIsVisible = 0;
			defaultConfigurationName = Release;
		};
/* End XCConfigurationList section */
	};
	rootObject = 2792FF791D3586C7004E8A92 /* Project object */;
}
